
Microsoft Visual Studio Solution File, Format Version 12.00
# Visual Studio Version 16
VisualStudioVersion = 16.0.31605.320
MinimumVisualStudioVersion = 10.0.40219.1
Project("{9A19103F-16F7-4668-BE54-9A1E7A4F7556}") = "Forms", "ProjetoMonetaryBank\Forms.csproj", "{EEE95A26-0A25-48CA-A3D1-486C927EDCCA}"
EndProject
Project("{FAE04EC0-301F-11D3-BF4B-00C04F79EFBC}") = "FonteDeDados", "FonteDeDados\FonteDeDados.csproj", "{230CD6B6-F8C9-4470-9228-E72A51E9FCC7}"
EndProject
Global
	GlobalSection(SolutionConfigurationPlatforms) = preSolution
		Debug|Any CPU = Debug|Any CPU
		Release|Any CPU = Release|Any CPU
	EndGlobalSection
	GlobalSection(ProjectConfigurationPlatforms) = postSolution
		{EEE95A26-0A25-48CA-A3D1-486C927EDCCA}.Debug|Any CPU.ActiveCfg = Debug|Any CPU
		{EEE95A26-0A25-48CA-A3D1-486C927EDCCA}.Debug|Any CPU.Build.0 = Debug|Any CPU
		{EEE95A26-0A25-48CA-A3D1-486C927EDCCA}.Release|Any CPU.ActiveCfg = Release|Any CPU
		{EEE95A26-0A25-48CA-A3D1-486C927EDCCA}.Release|Any CPU.Build.0 = Release|Any CPU
		{230CD6B6-F8C9-4470-9228-E72A51E9FCC7}.Debug|Any CPU.ActiveCfg = Debug|Any CPU
		{230CD6B6-F8C9-4470-9228-E72A51E9FCC7}.Debug|Any CPU.Build.0 = Debug|Any CPU
		{230CD6B6-F8C9-4470-9228-E72A51E9FCC7}.Release|Any CPU.ActiveCfg = Release|Any CPU
		{230CD6B6-F8C9-4470-9228-E72A51E9FCC7}.Release|Any CPU.Build.0 = Release|Any CPU
	EndGlobalSection
	GlobalSection(SolutionProperties) = preSolution
		HideSolutionNode = FALSE
	EndGlobalSection
	GlobalSection(ExtensibilityGlobals) = postSolution
		SolutionGuid = {6C074900-0D07-4AA9-A141-9D573607F196}
	EndGlobalSection
EndGlobal
